// !$*UTF8*$!
{
	archiveVersion = 1;
	classes = {
	};
	objectVersion = 56;
	objects = {

/* Begin PBXBuildFile section */
		C604720E2C7D5F3F00386726 /* AppDelegate.swift in Sources */ = {isa = PBXBuildFile; fileRef = C604720D2C7D5F3F00386726 /* AppDelegate.swift */; };
		C60472102C7D5F3F00386726 /* SceneDelegate.swift in Sources */ = {isa = PBXBuildFile; fileRef = C604720F2C7D5F3F00386726 /* SceneDelegate.swift */; };
		C60472152C7D5F3F00386726 /* Base in Resources */ = {isa = PBXBuildFile; fileRef = C60472142C7D5F3F00386726 /* Base */; };
		C60472172C7D5F4100386726 /* Assets.xcassets in Resources */ = {isa = PBXBuildFile; fileRef = C60472162C7D5F4100386726 /* Assets.xcassets */; };
		C604721A2C7D5F4100386726 /* Base in Resources */ = {isa = PBXBuildFile; fileRef = C60472192C7D5F4100386726 /* Base */; };
		C60472252C7D5FE900386726 /* Pokemon.swift in Sources */ = {isa = PBXBuildFile; fileRef = C60472242C7D5FE900386726 /* Pokemon.swift */; };
		C60472272C7D600900386726 /* PokemonDataManager.swift in Sources */ = {isa = PBXBuildFile; fileRef = C60472262C7D600900386726 /* PokemonDataManager.swift */; };
		C60472292C7D605100386726 /* PokemonCell.swift in Sources */ = {isa = PBXBuildFile; fileRef = C60472282C7D605100386726 /* PokemonCell.swift */; };
		C604722B2C7D607E00386726 /* PokemonViewController.swift in Sources */ = {isa = PBXBuildFile; fileRef = C604722A2C7D607E00386726 /* PokemonViewController.swift */; };
		C604722D2C7D60AE00386726 /* PokemonDetailViewController.swift in Sources */ = {isa = PBXBuildFile; fileRef = C604722C2C7D60AE00386726 /* PokemonDetailViewController.swift */; };
/* End PBXBuildFile section */

/* Begin PBXFileReference section */
		C604720A2C7D5F3F00386726 /* PokemonDetail.app */ = {isa = PBXFileReference; explicitFileType = wrapper.application; includeInIndex = 0; path = PokemonDetail.app; sourceTree = BUILT_PRODUCTS_DIR; };
		C604720D2C7D5F3F00386726 /* AppDelegate.swift */ = {isa = PBXFileReference; lastKnownFileType = sourcecode.swift; path = AppDelegate.swift; sourceTree = "<group>"; };
		C604720F2C7D5F3F00386726 /* SceneDelegate.swift */ = {isa = PBXFileReference; lastKnownFileType = sourcecode.swift; path = SceneDelegate.swift; sourceTree = "<group>"; };
		C60472142C7D5F3F00386726 /* Base */ = {isa = PBXFileReference; lastKnownFileType = file.storyboard; name = Base; path = Base.lproj/Main.storyboard; sourceTree = "<group>"; };
		C60472162C7D5F4100386726 /* Assets.xcassets */ = {isa = PBXFileReference; lastKnownFileType = folder.assetcatalog; path = Assets.xcassets; sourceTree = "<group>"; };
		C60472192C7D5F4100386726 /* Base */ = {isa = PBXFileReference; lastKnownFileType = file.storyboard; name = Base; path = Base.lproj/LaunchScreen.storyboard; sourceTree = "<group>"; };
		C604721B2C7D5F4100386726 /* Info.plist */ = {isa = PBXFileReference; lastKnownFileType = text.plist.xml; path = Info.plist; sourceTree = "<group>"; };
		C60472242C7D5FE900386726 /* Pokemon.swift */ = {isa = PBXFileReference; lastKnownFileType = sourcecode.swift; path = Pokemon.swift; sourceTree = "<group>"; };
		C60472262C7D600900386726 /* PokemonDataManager.swift */ = {isa = PBXFileReference; lastKnownFileType = sourcecode.swift; path = PokemonDataManager.swift; sourceTree = "<group>"; };
		C60472282C7D605100386726 /* PokemonCell.swift */ = {isa = PBXFileReference; lastKnownFileType = sourcecode.swift; path = PokemonCell.swift; sourceTree = "<group>"; };
		C604722A2C7D607E00386726 /* PokemonViewController.swift */ = {isa = PBXFileReference; lastKnownFileType = sourcecode.swift; path = PokemonViewController.swift; sourceTree = "<group>"; };
		C604722C2C7D60AE00386726 /* PokemonDetailViewController.swift */ = {isa = PBXFileReference; lastKnownFileType = sourcecode.swift; path = PokemonDetailViewController.swift; sourceTree = "<group>"; };
/* End PBXFileReference section */

/* Begin PBXFrameworksBuildPhase section */
		C60472072C7D5F3F00386726 /* Frameworks */ = {
			isa = PBXFrameworksBuildPhase;
			buildActionMask = 2147483647;
			files = (
			);
			runOnlyForDeploymentPostprocessing = 0;
		};
/* End PBXFrameworksBuildPhase section */

/* Begin PBXGroup section */
		C60472012C7D5F3F00386726 = {
			isa = PBXGroup;
			children = (
				C604720C2C7D5F3F00386726 /* PokemonDetail */,
				C604720B2C7D5F3F00386726 /* Products */,
			);
			sourceTree = "<group>";
		};
		C604720B2C7D5F3F00386726 /* Products */ = {
			isa = PBXGroup;
			children = (
				C604720A2C7D5F3F00386726 /* PokemonDetail.app */,
			);
			name = Products;
			sourceTree = "<group>";
		};
		C604720C2C7D5F3F00386726 /* PokemonDetail */ = {
			isa = PBXGroup;
			children = (
				C60472232C7D5F6E00386726 /* Controller */,
				C60472222C7D5F6700386726 /* View */,
				C60472212C7D5F6200386726 /* Model */,
				C604720D2C7D5F3F00386726 /* AppDelegate.swift */,
				C604720F2C7D5F3F00386726 /* SceneDelegate.swift */,
				C60472132C7D5F3F00386726 /* Main.storyboard */,
				C60472162C7D5F4100386726 /* Assets.xcassets */,
				C60472182C7D5F4100386726 /* LaunchScreen.storyboard */,
				C604721B2C7D5F4100386726 /* Info.plist */,
			);
			path = PokemonDetail;
			sourceTree = "<group>";
		};
		C60472212C7D5F6200386726 /* Model */ = {
			isa = PBXGroup;
			children = (
				C60472242C7D5FE900386726 /* Pokemon.swift */,
				C60472262C7D600900386726 /* PokemonDataManager.swift */,
			);
			path = Model;
			sourceTree = "<group>";
		};
		C60472222C7D5F6700386726 /* View */ = {
			isa = PBXGroup;
			children = (
				C60472282C7D605100386726 /* PokemonCell.swift */,
				C604722C2C7D60AE00386726 /* PokemonDetailViewController.swift */,
			);
			path = View;
			sourceTree = "<group>";
		};
		C60472232C7D5F6E00386726 /* Controller */ = {
			isa = PBXGroup;
			children = (
				C604722A2C7D607E00386726 /* PokemonViewController.swift */,
			);
			path = Controller;
			sourceTree = "<group>";
		};
/* End PBXGroup section */

/* Begin PBXNativeTarget section */
		C60472092C7D5F3F00386726 /* PokemonDetail */ = {
			isa = PBXNativeTarget;
			buildConfigurationList = C604721E2C7D5F4100386726 /* Build configuration list for PBXNativeTarget "PokemonDetail" */;
			buildPhases = (
				C60472062C7D5F3F00386726 /* Sources */,
				C60472072C7D5F3F00386726 /* Frameworks */,
				C60472082C7D5F3F00386726 /* Resources */,
			);
			buildRules = (
			);
			dependencies = (
			);
			name = PokemonDetail;
			productName = PokemonDetail;
			productReference = C604720A2C7D5F3F00386726 /* PokemonDetail.app */;
			productType = "com.apple.product-type.application";
		};
/* End PBXNativeTarget section */

/* Begin PBXProject section */
		C60472022C7D5F3F00386726 /* Project object */ = {
			isa = PBXProject;
			attributes = {
				BuildIndependentTargetsInParallel = 1;
				LastSwiftUpdateCheck = 1540;
				LastUpgradeCheck = 1540;
				TargetAttributes = {
					C60472092C7D5F3F00386726 = {
						CreatedOnToolsVersion = 15.4;
					};
				};
			};
			buildConfigurationList = C60472052C7D5F3F00386726 /* Build configuration list for PBXProject "PokemonDetail" */;
			compatibilityVersion = "Xcode 14.0";
			developmentRegion = en;
			hasScannedForEncodings = 0;
			knownRegions = (
				en,
				Base,
			);
			mainGroup = C60472012C7D5F3F00386726;
			productRefGroup = C604720B2C7D5F3F00386726 /* Products */;
			projectDirPath = "";
			projectRoot = "";
			targets = (
				C60472092C7D5F3F00386726 /* PokemonDetail */,
			);
		};
/* End PBXProject section */

/* Begin PBXResourcesBuildPhase section */
		C60472082C7D5F3F00386726 /* Resources */ = {
			isa = PBXResourcesBuildPhase;
			buildActionMask = 2147483647;
			files = (
				C60472172C7D5F4100386726 /* Assets.xcassets in Resources */,
				C604721A2C7D5F4100386726 /* Base in Resources */,
				C60472152C7D5F3F00386726 /* Base in Resources */,
			);
			runOnlyForDeploymentPostprocessing = 0;
		};
/* End PBXResourcesBuildPhase section */

/* Begin PBXSourcesBuildPhase section */
		C60472062C7D5F3F00386726 /* Sources */ = {
			isa = PBXSourcesBuildPhase;
			buildActionMask = 2147483647;
			files = (
				C60472292C7D605100386726 /* PokemonCell.swift in Sources */,
				C604720E2C7D5F3F00386726 /* AppDelegate.swift in Sources */,
				C604722D2C7D60AE00386726 /* PokemonDetailViewController.swift in Sources */,
				C604722B2C7D607E00386726 /* PokemonViewController.swift in Sources */,
				C60472272C7D600900386726 /* PokemonDataManager.swift in Sources */,
				C60472102C7D5F3F00386726 /* SceneDelegate.swift in Sources */,
				C60472252C7D5FE900386726 /* Pokemon.swift in Sources */,
			);
			runOnlyForDeploymentPostprocessing = 0;
		};
/* End PBXSourcesBuildPhase section */

/* Begin PBXVariantGroup section */
		C60472132C7D5F3F00386726 /* Main.storyboard */ = {
			isa = PBXVariantGroup;
			children = (
				C60472142C7D5F3F00386726 /* Base */,
			);
			name = Main.storyboard;
			sourceTree = "<group>";
		};
		C60472182C7D5F4100386726 /* LaunchScreen.storyboard */ = {
			isa = PBXVariantGroup;
			children = (
				C60472192C7D5F4100386726 /* Base */,
			);
			name = LaunchScreen.storyboard;
			sourceTree = "<group>";
		};
/* End PBXVariantGroup section */

/* Begin XCBuildConfiguration section */
		C604721C2C7D5F4100386726 /* Debug */ = {
			isa = XCBuildConfiguration;
			buildSettings = {
				ALWAYS_SEARCH_USER_PATHS = NO;
				ASSETCATALOG_COMPILER_GENERATE_SWIFT_ASSET_SYMBOL_EXTENSIONS = YES;
				CLANG_ANALYZER_NONNULL = YES;
				CLANG_ANALYZER_NUMBER_OBJECT_CONVERSION = YES_AGGRESSIVE;
				CLANG_CXX_LANGUAGE_STANDARD = "gnu++20";
				CLANG_ENABLE_MODULES = YES;
				CLANG_ENABLE_OBJC_ARC = YES;
				CLANG_ENABLE_OBJC_WEAK = YES;
				CLANG_WARN_BLOCK_CAPTURE_AUTORELEASING = YES;
				CLANG_WARN_BOOL_CONVERSION = YES;
				CLANG_WARN_COMMA = YES;
				CLANG_WARN_CONSTANT_CONVERSION = YES;
				CLANG_WARN_DEPRECATED_OBJC_IMPLEMENTATIONS = YES;
				CLANG_WARN_DIRECT_OBJC_ISA_USAGE = YES_ERROR;
				CLANG_WARN_DOCUMENTATION_COMMENTS = YES;
				CLANG_WARN_EMPTY_BODY = YES;
				CLANG_WARN_ENUM_CONVERSION = YES;
				CLANG_WARN_INFINITE_RECURSION = YES;
				CLANG_WARN_INT_CONVERSION = YES;
				CLANG_WARN_NON_LITERAL_NULL_CONVERSION = YES;
				CLANG_WARN_OBJC_IMPLICIT_RETAIN_SELF = YES;
				CLANG_WARN_OBJC_LITERAL_CONVERSION = YES;
				CLANG_WARN_OBJC_ROOT_CLASS = YES_ERROR;
				CLANG_WARN_QUOTED_INCLUDE_IN_FRAMEWORK_HEADER = YES;
				CLANG_WARN_RANGE_LOOP_ANALYSIS = YES;
				CLANG_WARN_STRICT_PROTOTYPES = YES;
				CLANG_WARN_SUSPICIOUS_MOVE = YES;
				CLANG_WARN_UNGUARDED_AVAILABILITY = YES_AGGRESSIVE;
				CLANG_WARN_UNREACHABLE_CODE = YES;
				CLANG_WARN__DUPLICATE_METHOD_MATCH = YES;
				COPY_PHASE_STRIP = NO;
				DEBUG_INFORMATION_FORMAT = dwarf;
				ENABLE_STRICT_OBJC_MSGSEND = YES;
				ENABLE_TESTABILITY = YES;
				ENABLE_USER_SCRIPT_SANDBOXING = YES;
				GCC_C_LANGUAGE_STANDARD = gnu17;
				GCC_DYNAMIC_NO_PIC = NO;
				GCC_NO_COMMON_BLOCKS = YES;
				GCC_OPTIMIZATION_LEVEL = 0;
				GCC_PREPROCESSOR_DEFINITIONS = (
					"DEBUG=1",
					"$(inherited)",
				);
				GCC_WARN_64_TO_32_BIT_CONVERSION = YES;
				GCC_WARN_ABOUT_RETURN_TYPE = YES_ERROR;
				GCC_WARN_UNDECLARED_SELECTOR = YES;
				GCC_WARN_UNINITIALIZED_AUTOS = YES_AGGRESSIVE;
				GCC_WARN_UNUSED_FUNCTION = YES;
				GCC_WARN_UNUSED_VARIABLE = YES;
				IPHONEOS_DEPLOYMENT_TARGET = 17.5;
				LOCALIZATION_PREFERS_STRING_CATALOGS = YES;
				MTL_ENABLE_DEBUG_INFO = INCLUDE_SOURCE;
				MTL_FAST_MATH = YES;
				ONLY_ACTIVE_ARCH = YES;
				SDKROOT = iphoneos;
				SWIFT_ACTIVE_COMPILATION_CONDITIONS = "DEBUG $(inherited)";
				SWIFT_OPTIMIZATION_LEVEL = "-Onone";
			};
			name = Debug;
		};
		C604721D2C7D5F4100386726 /* Release */ = {
			isa = XCBuildConfiguration;
			buildSettings = {
				ALWAYS_SEARCH_USER_PATHS = NO;
				ASSETCATALOG_COMPILER_GENERATE_SWIFT_ASSET_SYMBOL_EXTENSIONS = YES;
				CLANG_ANALYZER_NONNULL = YES;
				CLANG_ANALYZER_NUMBER_OBJECT_CONVERSION = YES_AGGRESSIVE;
				CLANG_CXX_LANGUAGE_STANDARD = "gnu++20";
				CLANG_ENABLE_MODULES = YES;
				CLANG_ENABLE_OBJC_ARC = YES;
				CLANG_ENABLE_OBJC_WEAK = YES;
				CLANG_WARN_BLOCK_CAPTURE_AUTORELEASING = YES;
				CLANG_WARN_BOOL_CONVERSION = YES;
				CLANG_WARN_COMMA = YES;
				CLANG_WARN_CONSTANT_CONVERSION = YES;
				CLANG_WARN_DEPRECATED_OBJC_IMPLEMENTATIONS = YES;
				CLANG_WARN_DIRECT_OBJC_ISA_USAGE = YES_ERROR;
				CLANG_WARN_DOCUMENTATION_COMMENTS = YES;
				CLANG_WARN_EMPTY_BODY = YES;
				CLANG_WARN_ENUM_CONVERSION = YES;
				CLANG_WARN_INFINITE_RECURSION = YES;
				CLANG_WARN_INT_CONVERSION = YES;
				CLANG_WARN_NON_LITERAL_NULL_CONVERSION = YES;
				CLANG_WARN_OBJC_IMPLICIT_RETAIN_SELF = YES;
				CLANG_WARN_OBJC_LITERAL_CONVERSION = YES;
				CLANG_WARN_OBJC_ROOT_CLASS = YES_ERROR;
				CLANG_WARN_QUOTED_INCLUDE_IN_FRAMEWORK_HEADER = YES;
				CLANG_WARN_RANGE_LOOP_ANALYSIS = YES;
				CLANG_WARN_STRICT_PROTOTYPES = YES;
				CLANG_WARN_SUSPICIOUS_MOVE = YES;
				CLANG_WARN_UNGUARDED_AVAILABILITY = YES_AGGRESSIVE;
				CLANG_WARN_UNREACHABLE_CODE = YES;
				CLANG_WARN__DUPLICATE_METHOD_MATCH = YES;
				COPY_PHASE_STRIP = NO;
				DEBUG_INFORMATION_FORMAT = "dwarf-with-dsym";
				ENABLE_NS_ASSERTIONS = NO;
				ENABLE_STRICT_OBJC_MSGSEND = YES;
				ENABLE_USER_SCRIPT_SANDBOXING = YES;
				GCC_C_LANGUAGE_STANDARD = gnu17;
				GCC_NO_COMMON_BLOCKS = YES;
				GCC_WARN_64_TO_32_BIT_CONVERSION = YES;
				GCC_WARN_ABOUT_RETURN_TYPE = YES_ERROR;
				GCC_WARN_UNDECLARED_SELECTOR = YES;
				GCC_WARN_UNINITIALIZED_AUTOS = YES_AGGRESSIVE;
				GCC_WARN_UNUSED_FUNCTION = YES;
				GCC_WARN_UNUSED_VARIABLE = YES;
				IPHONEOS_DEPLOYMENT_TARGET = 17.5;
				LOCALIZATION_PREFERS_STRING_CATALOGS = YES;
				MTL_ENABLE_DEBUG_INFO = NO;
				MTL_FAST_MATH = YES;
				SDKROOT = iphoneos;
				SWIFT_COMPILATION_MODE = wholemodule;
				VALIDATE_PRODUCT = YES;
			};
			name = Release;
		};
		C604721F2C7D5F4100386726 /* Debug */ = {
			isa = XCBuildConfiguration;
			buildSettings = {
				ASSETCATALOG_COMPILER_APPICON_NAME = AppIcon;
				ASSETCATALOG_COMPILER_GLOBAL_ACCENT_COLOR_NAME = AccentColor;
				CODE_SIGN_STYLE = Automatic;
				CURRENT_PROJECT_VERSION = 1;
				DEVELOPMENT_TEAM = UMHY4G42PY;
				GENERATE_INFOPLIST_FILE = YES;
				INFOPLIST_FILE = PokemonDetail/Info.plist;
				INFOPLIST_KEY_CFBundleDisplayName = "Pokemon Detail";
				INFOPLIST_KEY_UIApplicationSupportsIndirectInputEvents = YES;
				INFOPLIST_KEY_UILaunchStoryboardName = LaunchScreen;
				INFOPLIST_KEY_UIMainStoryboardFile = Main;
				INFOPLIST_KEY_UISupportedInterfaceOrientations_iPad = "UIInterfaceOrientationPortrait UIInterfaceOrientationPortraitUpsideDown UIInterfaceOrientationLandscapeLeft UIInterfaceOrientationLandscapeRight";
				INFOPLIST_KEY_UISupportedInterfaceOrientations_iPhone = "UIInterfaceOrientationPortrait UIInterfaceOrientationLandscapeLeft UIInterfaceOrientationLandscapeRight";
				IPHONEOS_DEPLOYMENT_TARGET = 16.0;
				LD_RUNPATH_SEARCH_PATHS = (
					"$(inherited)",
					"@executable_path/Frameworks",
				);
				MARKETING_VERSION = 1.0;
				PRODUCT_BUNDLE_IDENTIFIER = "com.israelaguilar-ddadm12.PokemonDetail";
				PRODUCT_NAME = "$(TARGET_NAME)";
				SUPPORTED_PLATFORMS = "iphoneos iphonesimulator";
				SUPPORTS_MACCATALYST = NO;
				SUPPORTS_MAC_DESIGNED_FOR_IPHONE_IPAD = NO;
				SUPPORTS_XR_DESIGNED_FOR_IPHONE_IPAD = NO;
				SWIFT_EMIT_LOC_STRINGS = YES;
				SWIFT_VERSION = 5.0;
				TARGETED_DEVICE_FAMILY = 1;
			};
			name = Debug;
		};
		C60472202C7D5F4100386726 /* Release */ = {
			isa = XCBuildConfiguration;
			buildSettings = {
				ASSETCATALOG_COMPILER_APPICON_NAME = AppIcon;
				ASSETCATALOG_COMPILER_GLOBAL_ACCENT_COLOR_NAME = AccentColor;
				CODE_SIGN_STYLE = Automatic;
				CURRENT_PROJECT_VERSION = 1;
				DEVELOPMENT_TEAM = UMHY4G42PY;
				GENERATE_INFOPLIST_FILE = YES;
				INFOPLIST_FILE = PokemonDetail/Info.plist;
				INFOPLIST_KEY_CFBundleDisplayName = "Pokemon Detail";
				INFOPLIST_KEY_UIApplicationSupportsIndirectInputEvents = YES;
				INFOPLIST_KEY_UILaunchStoryboardName = LaunchScreen;
				INFOPLIST_KEY_UIMainStoryboardFile = Main;
				INFOPLIST_KEY_UISupportedInterfaceOrientations_iPad = "UIInterfaceOrientationPortrait UIInterfaceOrientationPortraitUpsideDown UIInterfaceOrientationLandscapeLeft UIInterfaceOrientationLandscapeRight";
				INFOPLIST_KEY_UISupportedInterfaceOrientations_iPhone = "UIInterfaceOrientationPortrait UIInterfaceOrientationLandscapeLeft UIInterfaceOrientationLandscapeRight";
				IPHONEOS_DEPLOYMENT_TARGET = 16.0;
				LD_RUNPATH_SEARCH_PATHS = (
					"$(inherited)",
					"@executable_path/Frameworks",
				);
				MARKETING_VERSION = 1.0;
				PRODUCT_BUNDLE_IDENTIFIER = "com.israelaguilar-ddadm12.PokemonDetail";
				PRODUCT_NAME = "$(TARGET_NAME)";
				SUPPORTED_PLATFORMS = "iphoneos iphonesimulator";
				SUPPORTS_MACCATALYST = NO;
				SUPPORTS_MAC_DESIGNED_FOR_IPHONE_IPAD = NO;
				SUPPORTS_XR_DESIGNED_FOR_IPHONE_IPAD = NO;
				SWIFT_EMIT_LOC_STRINGS = YES;
				SWIFT_VERSION = 5.0;
				TARGETED_DEVICE_FAMILY = 1;
			};
			name = Release;
		};
/* End XCBuildConfiguration section */

/* Begin XCConfigurationList section */
		C60472052C7D5F3F00386726 /* Build configuration list for PBXProject "PokemonDetail" */ = {
			isa = XCConfigurationList;
			buildConfigurations = (
				C604721C2C7D5F4100386726 /* Debug */,
				C604721D2C7D5F4100386726 /* Release */,
			);
			defaultConfigurationIsVisible = 0;
			defaultConfigurationName = Release;
		};
		C604721E2C7D5F4100386726 /* Build configuration list for PBXNativeTarget "PokemonDetail" */ = {
			isa = XCConfigurationList;
			buildConfigurations = (
				C604721F2C7D5F4100386726 /* Debug */,
				C60472202C7D5F4100386726 /* Release */,
			);
			defaultConfigurationIsVisible = 0;
			defaultConfigurationName = Release;
		};
/* End XCConfigurationList section */
	};
	rootObject = C60472022C7D5F3F00386726 /* Project object */;
}
